{
  "projects": [
    {
      "projectId": "58GpZjZCWTaJ8AUhpCwt2K",
      "version": "3.26.0",
      "dependencies": {},
      "lang": "js",
      "fileLocks": [
        {
          "assetId": "58GpZjZCWTaJ8AUhpCwt2K",
          "type": "projectCss",
          "checksum": "fd84921cc10936e6ceb458c2ae01c4bd"
        }
      ],
      "codegenVersion": "0.0.1"
    },
    {
      "projectId": "7nJ7UcFmq9UzB6eXfC5z4a",
      "version": "0.29.0",
      "dependencies": {},
      "lang": "js",
      "fileLocks": [
        {
          "assetId": "7nJ7UcFmq9UzB6eXfC5z4a",
          "type": "projectCss",
          "checksum": "05587b57f22f0ec8bb54543deb39762e"
        }
      ],
      "codegenVersion": "0.0.1"
    },
    {
      "projectId": "v2axwkNNEpdtVkKJd6Azxf",
      "version": "latest",
      "dependencies": {
        "7nJ7UcFmq9UzB6eXfC5z4a": "0.29.0",
        "58GpZjZCWTaJ8AUhpCwt2K": "3.26.0"
      },
      "lang": "js",
      "fileLocks": [
        {
          "type": "globalVariant",
          "assetId": "udqcE0QtBCKK",
          "checksum": "392c02a2e19a2fb864fc7c0ce2c76196"
        },
        {
          "assetId": "v2axwkNNEpdtVkKJd6Azxf",
          "type": "projectCss",
          "checksum": "53aacc277fdbd4054ec7215e6fad6f5c"
        },
        {
          "type": "renderModule",
          "assetId": "iciNPmLl-70M",
          "checksum": "997e9d8b6467122673c38f5aee4d694e"
        },
        {
          "type": "cssRules",
          "assetId": "iciNPmLl-70M",
          "checksum": "997e9d8b6467122673c38f5aee4d694e"
        },
        {
          "type": "renderModule",
          "assetId": "mV2-zYWBQyPk",
          "checksum": "36b02ca2b054979755d026273656fb9f"
        },
        {
          "type": "cssRules",
          "assetId": "mV2-zYWBQyPk",
          "checksum": "36b02ca2b054979755d026273656fb9f"
        },
        {
          "type": "renderModule",
          "assetId": "RwE34Fh0BJjC",
          "checksum": "f5bd16407534163864fd221ffc2c99d0"
        },
        {
          "type": "cssRules",
          "assetId": "RwE34Fh0BJjC",
          "checksum": "f5bd16407534163864fd221ffc2c99d0"
        },
        {
          "type": "renderModule",
          "assetId": "KciPV1nkxbhX",
          "checksum": "56026e39d2355a67bc734aa1fe005331"
        },
        {
          "type": "cssRules",
          "assetId": "KciPV1nkxbhX",
          "checksum": "56026e39d2355a67bc734aa1fe005331"
        },
        {
          "type": "renderModule",
          "assetId": "_9w7DeOFimwA",
          "checksum": "1ddb845f0e3d16a753e9ac76be17b111"
        },
        {
          "type": "cssRules",
          "assetId": "_9w7DeOFimwA",
          "checksum": "1ddb845f0e3d16a753e9ac76be17b111"
        },
        {
          "type": "renderModule",
          "assetId": "6bZYs3NZhKHL",
          "checksum": "b22a35cd88fb4b1aecd5b4d1959bc239"
        },
        {
          "type": "cssRules",
          "assetId": "6bZYs3NZhKHL",
          "checksum": "b22a35cd88fb4b1aecd5b4d1959bc239"
        },
        {
          "type": "renderModule",
          "assetId": "gzoXJLj0FC6p",
          "checksum": "7c1605295f8236616da161012c8c27be"
        },
        {
          "type": "cssRules",
          "assetId": "gzoXJLj0FC6p",
          "checksum": "7c1605295f8236616da161012c8c27be"
        },
        {
          "type": "renderModule",
          "assetId": "_7eH9xkxhmFo",
          "checksum": "ce43d79e6e57ad9932bdaf98c06fc531"
        },
        {
          "type": "cssRules",
          "assetId": "_7eH9xkxhmFo",
          "checksum": "ce43d79e6e57ad9932bdaf98c06fc531"
        },
        {
          "type": "renderModule",
          "assetId": "-CjGp0ENZC28",
          "checksum": "098e169a8abaef20a745b294a1b0039a"
        },
        {
          "type": "cssRules",
          "assetId": "-CjGp0ENZC28",
          "checksum": "098e169a8abaef20a745b294a1b0039a"
        },
        {
          "type": "renderModule",
          "assetId": "NHBInZiIL9Gp",
          "checksum": "20843ccb2f291faa80a4f180ce5598b5"
        },
        {
          "type": "cssRules",
          "assetId": "NHBInZiIL9Gp",
          "checksum": "20843ccb2f291faa80a4f180ce5598b5"
        },
        {
          "type": "icon",
          "assetId": "Znt1LlpgtjkM",
          "checksum": "1383a9ac1fec10af0e1745a51be42403"
        },
        {
          "type": "icon",
          "assetId": "O685HGSkgXdo",
          "checksum": "58af43ea742df06ce7ea6684eb829663"
        },
        {
          "type": "icon",
          "assetId": "ppEwQg8ZWcmM",
          "checksum": "d38b1fd784f751a2bda165cdabb12e06"
        },
        {
          "type": "icon",
          "assetId": "tt6Hj7VAA8BG",
          "checksum": "727e31095c1c6a96991e4b2448706c71"
        },
        {
          "type": "icon",
          "assetId": "0ces2QBMXLsS",
          "checksum": "cacd04c4cc5f10d637d0b0298c6c50f5"
        },
        {
          "type": "icon",
          "assetId": "k_hmun5mSqfw",
          "checksum": "bae8d290bc2ea4d4df078e5692071341"
        },
        {
          "type": "icon",
          "assetId": "25wgaoF8Fo-7",
          "checksum": "0a028e7dc9013c2b51f9fa047ca37f4a"
        },
        {
          "type": "icon",
          "assetId": "zSzCIsTSI4vi",
          "checksum": "e36d4103be8afda8b84afd4f6f96ea00"
        },
        {
          "type": "icon",
          "assetId": "Bc426EclsgI6",
          "checksum": "0deffdde9814b9b9fcba96757e32f2ec"
        },
        {
          "type": "icon",
          "assetId": "06sQk0iR2PAg",
          "checksum": "08fce0aaca8690466c336a4cef1eb675"
        },
        {
          "type": "image",
          "assetId": "cSTRODQWF_F7",
          "checksum": "f92e0acdde283fe73fee9dabff24e957"
        },
        {
          "type": "image",
          "assetId": "8BWWxtFNVxX9",
          "checksum": "ed75fd7ba169dcde035429a8cf913f42"
        },
        {
          "type": "image",
          "assetId": "OoPRFewATDpk",
          "checksum": "fb884658c9890c82c6c3b72a5f5040ee"
        },
        {
          "type": "image",
          "assetId": "FQv7kTojx27I",
          "checksum": "cf110298aa9a840deb87d37e004c0988"
        },
        {
          "type": "image",
          "assetId": "gKLVyIqnKmtX",
          "checksum": "1ebd17fdd9c19635f1860b313adb9a46"
        },
        {
          "type": "image",
          "assetId": "Fx9l3en7Pfwl",
          "checksum": "a0d9979689f4cc2fd36bfea1134d0366"
        },
        {
          "type": "image",
          "assetId": "4I1mrOOFfV2f",
          "checksum": "ffc9ce9f5ed903e4573be6732b407496"
        },
        {
          "type": "image",
          "assetId": "lm9et9_tGg7H",
          "checksum": "4288fad4d9236248c1248e90a4c3eca1"
        },
        {
          "type": "image",
          "assetId": "i3cnbmnnGPDl",
          "checksum": "a18e5d682b5d89fb2b206068b9c40ba5"
        },
        {
          "type": "image",
          "assetId": "d-vGcAlgKEz2",
          "checksum": "82c6dc734d241203c50a30493cb6d7c9"
        },
        {
          "type": "image",
          "assetId": "4itBoRyo4PpA",
          "checksum": "2e0ea7756320319f1a70b1e81601adee"
        },
        {
          "type": "image",
          "assetId": "tzPKZ8QRlI0k",
          "checksum": "d7cac156d5ff868573685eb33a5f8e02"
        },
        {
          "type": "image",
          "assetId": "sXOnyFlw9UZp",
          "checksum": "4fb99d982ed83ac063f3771d49b6b0f5"
        },
        {
          "type": "image",
          "assetId": "rcSnYTf2Q_eP",
          "checksum": "793dc7acaf32c93dfb094871d027e4cc"
        },
        {
          "type": "image",
          "assetId": "w5ZN3JDVQQqW",
          "checksum": "f8e7d820da492e9904e00d9b31597df4"
        },
        {
          "type": "image",
          "assetId": "vB77h4iIDf9g",
          "checksum": "ba0c2b015e46765cc45e3d8aecbce65b"
        },
        {
          "type": "image",
          "assetId": "75xoJVD4JvmG",
          "checksum": "ce1079a8fb2e9b79422f0143f2c8063a"
        },
        {
          "type": "image",
          "assetId": "PVzb7IhtCPut",
          "checksum": "5d9819dc1d2ba73ccb8b494e0550594d"
        },
        {
          "type": "image",
          "assetId": "P1am9h-PBdzs",
          "checksum": "0e5bf1fa550caa311552b41ef87cc453"
        },
        {
          "type": "image",
          "assetId": "HSufKrDchigb",
          "checksum": "48de7d819e03dd048ca671d5fb8f3ef2"
        },
        {
          "type": "image",
          "assetId": "vVlocb9CQKkv",
          "checksum": "e8d3c8de215bc36974810eb17934bf3d"
        },
        {
          "type": "image",
          "assetId": "199CtZJGdmmg",
          "checksum": "9f88f535f83aff4f5fe438e1bb18d7b9"
        },
        {
          "type": "image",
          "assetId": "cIxt8LnW5uLA",
          "checksum": "3254d2980d864af53bc158f71ed407a0"
        },
        {
          "type": "image",
          "assetId": "4SRD06MWMwst",
          "checksum": "7b40d48cf5493f075c27c50b3c005bce"
        },
        {
          "type": "image",
          "assetId": "l7Yef3rsIHU5",
          "checksum": "b5f70955859f57d23ca6e44f7b4786bb"
        },
        {
          "type": "image",
          "assetId": "BIStReW1ziqz",
          "checksum": "bf76ce16e5321eba7afeccdfaba61218"
        },
        {
          "type": "image",
          "assetId": "zVGGOZ3XIUVk",
          "checksum": "7b3b8129c6801f8147d62b6f12ab0e62"
        },
        {
          "type": "image",
          "assetId": "ca6jzeu1I75D",
          "checksum": "89615cac2b114e027b2e7521a599ebbe"
        },
        {
          "type": "image",
          "assetId": "ZF7z9hH_lms2",
          "checksum": "7fb1d66190124a5206f85322c2c5f2ad"
        },
        {
          "type": "image",
          "assetId": "nwDLiWO8m6iv",
          "checksum": "8b297c4c63153556c5e707e1ca075df5"
        },
        {
          "type": "image",
          "assetId": "EgV5WGFEoiCb",
          "checksum": "b074c8fc4333ba9615e0c5e126181d18"
        },
        {
          "type": "image",
          "assetId": "LkV4Y7AQkbuM",
          "checksum": "3e665e5d4a482e84fc0409d1228132c3"
        },
        {
          "type": "image",
          "assetId": "pqM_zJDuHdCw",
          "checksum": "d3b4cedd4b8c5d1e6bb0d13e82ff77d5"
        },
        {
          "type": "image",
          "assetId": "sD0vRypLDEQY",
          "checksum": "275ba1854a078c958565296b6d69e560"
        },
        {
          "type": "image",
          "assetId": "CNMwIkbJ6QuF",
          "checksum": "5c0bb1b156329b134189d0c2c407441c"
        },
        {
          "type": "image",
          "assetId": "k4LME4946_KA",
          "checksum": "eff1a38fa9f366a5d5400e55075195f9"
        },
        {
          "type": "image",
          "assetId": "XmTwkfx3blU3",
          "checksum": "1bc822f7f91af25674f6abbfde2320b8"
        },
        {
          "type": "image",
          "assetId": "iYfhlM3-RfzV",
          "checksum": "07dee9374fffb6e7882e03583b1df187"
        },
        {
          "type": "image",
          "assetId": "N_02q1wLY4hC",
          "checksum": "1c9034a8a115548f1f75b5719e632ee0"
        },
        {
          "type": "image",
          "assetId": "HTmoO3qIPZ74",
          "checksum": "aeab13b70d5e481ac5f10bcc810c2393"
        },
        {
          "type": "image",
          "assetId": "XMePLzBnyG6h",
          "checksum": "b31ab0b5eb9f4735d8f1df01e0f5d2f9"
        },
        {
          "type": "image",
          "assetId": "_2zbTibZHh9a",
          "checksum": "820f419fe6619bb88f132da0a9b22540"
        },
        {
          "type": "image",
          "assetId": "UasV5w28v3rV",
          "checksum": "0167441137888b2dd223a1b1b7e21a30"
        },
        {
          "type": "image",
          "assetId": "X22euhEzWgpD",
          "checksum": "79bfa1c747fc61ea69d1ac5c5c34f9f3"
        }
      ],
      "codegenVersion": "0.0.1"
    }
  ],
  "cliVersion": "0.1.334"
}
